
Microsoft Visual Studio Solution File, Format Version 12.00
# Visual Studio 15
VisualStudioVersion = 15.0.28307.539
MinimumVisualStudioVersion = 10.0.40219.1
Project("{2150E333-8FDC-42A3-9474-1A3956D46DE8}") = "src", "src", "{114266D4-7FD0-4187-839A-D2408524DAAF}"
EndProject
Project("{2150E333-8FDC-42A3-9474-1A3956D46DE8}") = "Solution Items", "Solution Items", "{34DEC2A4-B3DF-4261-926E-E91A4A56FC0A}"
	ProjectSection(SolutionItems) = preProject
		global.json = global.json
	EndProjectSection
EndProject
Project("{9A19103F-16F7-4668-BE54-9A1E7A4F7556}") = "EDIWEBAPI", "src\EDIWEBAPI\EDIWEBAPI.csproj", "{96DE5FD7-E334-4AF8-823F-0BA9AA4D64D7}"
EndProject
Global
	GlobalSection(SolutionConfigurationPlatforms) = preSolution
		Debug|Any CPU = Debug|Any CPU
		Release|Any CPU = Release|Any CPU
	EndGlobalSection
	GlobalSection(ProjectConfigurationPlatforms) = postSolution
		{96DE5FD7-E334-4AF8-823F-0BA9AA4D64D7}.Debug|Any CPU.ActiveCfg = Debug|Any CPU
		{96DE5FD7-E334-4AF8-823F-0BA9AA4D64D7}.Debug|Any CPU.Build.0 = Debug|Any CPU
		{96DE5FD7-E334-4AF8-823F-0BA9AA4D64D7}.Release|Any CPU.ActiveCfg = Release|Any CPU
		{96DE5FD7-E334-4AF8-823F-0BA9AA4D64D7}.Release|Any CPU.Build.0 = Release|Any CPU
	EndGlobalSection
	GlobalSection(SolutionProperties) = preSolution
		HideSolutionNode = FALSE
	EndGlobalSection
	GlobalSection(NestedProjects) = preSolution
		{96DE5FD7-E334-4AF8-823F-0BA9AA4D64D7} = {114266D4-7FD0-4187-839A-D2408524DAAF}
	EndGlobalSection
	GlobalSection(ExtensibilityGlobals) = postSolution
		SolutionGuid = {B610322E-D2D3-4505-895A-4B81BB971356}
		VisualSVNWorkingCopyRoot = ..
	EndGlobalSection
EndGlobal
